Microsoft Visual Studio Solution File, Format Version 12.00
# Visual Studio Version 17
VisualStudioVersion = 17.8.34322.80
MinimumVisualStudioVersion = 10.0.40219.1
Project("{2150E333-8FDC-42A3-9474-1A3956D46DE8}") = "1 - Api", "1 - Api", "{9F8D2756-7FF5-4B17-A4EE-79C45F9816E0}"
EndProject
Project("{9A19103F-16F7-4668-BE54-9A1E7A4F7556}") = "AndersonAPI.Api", "AndersonAPI.Api\AndersonAPI.Api.csproj", "{48A5C1C3-EC91-4E38-8A85-1D5DDF19B862}"
EndProject
Project("{2150E333-8FDC-42A3-9474-1A3956D46DE8}") = "2 - Application", "2 - Application", "{BF4FC935-2552-4FE0-8BB4-9E25B642EDA9}"
EndProject
Project("{9A19103F-16F7-4668-BE54-9A1E7A4F7556}") = "AndersonAPI.Application", "AndersonAPI.Application\AndersonAPI.Application.csproj", "{ACA794F4-8C31-4B27-85F5-8E8D03A0B859}"
EndProject
Project("{2150E333-8FDC-42A3-9474-1A3956D46DE8}") = "3 - Domain", "3 - Domain", "{F5664B08-0433-4E9D-9E57-70177F4EDFA4}"
EndProject
Project("{9A19103F-16F7-4668-BE54-9A1E7A4F7556}") = "AndersonAPI.Domain", "AndersonAPI.Domain\AndersonAPI.Domain.csproj", "{0F28DE49-3861-40DE-9124-CBD33400A0C0}"
EndProject
Project("{2150E333-8FDC-42A3-9474-1A3956D46DE8}") = "4 - Infrastructure", "4 - Infrastructure", "{15BD9328-15AA-4795-8C50-BB7061BA33DB}"
EndProject
Project("{9A19103F-16F7-4668-BE54-9A1E7A4F7556}") = "AndersonAPI.Infrastructure", "AndersonAPI.Infrastructure\AndersonAPI.Infrastructure.csproj", "{792E0D32-5B9D-470C-B630-DB7B987429EC}"
EndProject
Project("{2150E333-8FDC-42A3-9474-1A3956D46DE8}") = "5 - Tests", "5 - Tests", "{14BAADAE-D2C7-4BA6-A76A-C06FB7648FF4}"
EndProject
Project("{9A19103F-16F7-4668-BE54-9A1E7A4F7556}") = "AndersonAPI.Application.UnitTests", "AndersonAPI.Application.UnitTests\AndersonAPI.Application.UnitTests.csproj", "{F6E2CE4D-8952-4EB8-94DC-60DB84BADCB3}"
EndProject
Project("{9A19103F-16F7-4668-BE54-9A1E7A4F7556}") = "AndersonAPI.IntegrationTests", "AndersonAPI.IntegrationTests\AndersonAPI.IntegrationTests.csproj", "{C99C9D8C-327B-46E9-AD7E-65D7964DB79D}"
EndProject
Global
	GlobalSection(SolutionConfigurationPlatforms) = preSolution
		Debug|Any CPU = Debug|Any CPU
		Release|Any CPU = Release|Any CPU
	EndGlobalSection
	GlobalSection(ProjectConfigurationPlatforms) = postSolution
		{48A5C1C3-EC91-4E38-8A85-1D5DDF19B862}.Debug|Any CPU.ActiveCfg = Debug|Any CPU
		{48A5C1C3-EC91-4E38-8A85-1D5DDF19B862}.Debug|Any CPU.Build.0 = Debug|Any CPU
		{48A5C1C3-EC91-4E38-8A85-1D5DDF19B862}.Release|Any CPU.ActiveCfg = Release|Any CPU
		{48A5C1C3-EC91-4E38-8A85-1D5DDF19B862}.Release|Any CPU.Build.0 = Release|Any CPU
		{ACA794F4-8C31-4B27-85F5-8E8D03A0B859}.Debug|Any CPU.ActiveCfg = Debug|Any CPU
		{ACA794F4-8C31-4B27-85F5-8E8D03A0B859}.Debug|Any CPU.Build.0 = Debug|Any CPU
		{ACA794F4-8C31-4B27-85F5-8E8D03A0B859}.Release|Any CPU.ActiveCfg = Release|Any CPU
		{ACA794F4-8C31-4B27-85F5-8E8D03A0B859}.Release|Any CPU.Build.0 = Release|Any CPU
		{0F28DE49-3861-40DE-9124-CBD33400A0C0}.Debug|Any CPU.ActiveCfg = Debug|Any CPU
		{0F28DE49-3861-40DE-9124-CBD33400A0C0}.Debug|Any CPU.Build.0 = Debug|Any CPU
		{0F28DE49-3861-40DE-9124-CBD33400A0C0}.Release|Any CPU.ActiveCfg = Release|Any CPU
		{0F28DE49-3861-40DE-9124-CBD33400A0C0}.Release|Any CPU.Build.0 = Release|Any CPU
		{792E0D32-5B9D-470C-B630-DB7B987429EC}.Debug|Any CPU.ActiveCfg = Debug|Any CPU
		{792E0D32-5B9D-470C-B630-DB7B987429EC}.Debug|Any CPU.Build.0 = Debug|Any CPU
		{792E0D32-5B9D-470C-B630-DB7B987429EC}.Release|Any CPU.ActiveCfg = Release|Any CPU
		{792E0D32-5B9D-470C-B630-DB7B987429EC}.Release|Any CPU.Build.0 = Release|Any CPU
		{F6E2CE4D-8952-4EB8-94DC-60DB84BADCB3}.Debug|Any CPU.ActiveCfg = Debug|Any CPU
		{F6E2CE4D-8952-4EB8-94DC-60DB84BADCB3}.Debug|Any CPU.Build.0 = Debug|Any CPU
		{F6E2CE4D-8952-4EB8-94DC-60DB84BADCB3}.Release|Any CPU.ActiveCfg = Release|Any CPU
		{F6E2CE4D-8952-4EB8-94DC-60DB84BADCB3}.Release|Any CPU.Build.0 = Release|Any CPU
		{C99C9D8C-327B-46E9-AD7E-65D7964DB79D}.Debug|Any CPU.ActiveCfg = Debug|Any CPU
		{C99C9D8C-327B-46E9-AD7E-65D7964DB79D}.Debug|Any CPU.Build.0 = Debug|Any CPU
		{C99C9D8C-327B-46E9-AD7E-65D7964DB79D}.Release|Any CPU.ActiveCfg = Release|Any CPU
		{C99C9D8C-327B-46E9-AD7E-65D7964DB79D}.Release|Any CPU.Build.0 = Release|Any CPU
	EndGlobalSection
	GlobalSection(SolutionProperties) = preSolution
		HideSolutionNode = FALSE
	EndGlobalSection
	GlobalSection(NestedProjects) = preSolution
		{48A5C1C3-EC91-4E38-8A85-1D5DDF19B862} = {9F8D2756-7FF5-4B17-A4EE-79C45F9816E0}
		{ACA794F4-8C31-4B27-85F5-8E8D03A0B859} = {BF4FC935-2552-4FE0-8BB4-9E25B642EDA9}
		{0F28DE49-3861-40DE-9124-CBD33400A0C0} = {F5664B08-0433-4E9D-9E57-70177F4EDFA4}
		{792E0D32-5B9D-470C-B630-DB7B987429EC} = {15BD9328-15AA-4795-8C50-BB7061BA33DB}
		{F6E2CE4D-8952-4EB8-94DC-60DB84BADCB3} = {14BAADAE-D2C7-4BA6-A76A-C06FB7648FF4}
		{C99C9D8C-327B-46E9-AD7E-65D7964DB79D} = {14BAADAE-D2C7-4BA6-A76A-C06FB7648FF4}
	EndGlobalSection
	GlobalSection(ExtensibilityGlobals) = postSolution
		SolutionGuid = {24DF5931-98D3-4E37-B673-3FE548E16961}
	EndGlobalSection
EndGlobal
